// !$*UTF8*$!
{
	archiveVersion = 1;
	classes = {
	};
	objectVersion = 56;
	objects = {

/* Begin PBXBuildFile section */
		8802D4152AEFE272000E907E /* AppDelegate.swift in Sources */ = {isa = PBXBuildFile; fileRef = 8802D4142AEFE272000E907E /* AppDelegate.swift */; };
		8802D4172AEFE272000E907E /* SceneDelegate.swift in Sources */ = {isa = PBXBuildFile; fileRef = 8802D4162AEFE272000E907E /* SceneDelegate.swift */; };
		8802D41E2AEFE273000E907E /* Assets.xcassets in Resources */ = {isa = PBXBuildFile; fileRef = 8802D41D2AEFE273000E907E /* Assets.xcassets */; };
		8802D4212AEFE273000E907E /* LaunchScreen.storyboard in Resources */ = {isa = PBXBuildFile; fileRef = 8802D41F2AEFE273000E907E /* LaunchScreen.storyboard */; };
		8802D42E2AEFE2EE000E907E /* MainViewController.swift in Sources */ = {isa = PBXBuildFile; fileRef = 8802D42D2AEFE2EE000E907E /* MainViewController.swift */; };
		8802D4312AEFE301000E907E /* BaseVC.swift in Sources */ = {isa = PBXBuildFile; fileRef = 8802D4302AEFE301000E907E /* BaseVC.swift */; };
		8802D4342AEFF8FF000E907E /* Then in Frameworks */ = {isa = PBXBuildFile; productRef = 8802D4332AEFF8FF000E907E /* Then */; };
		8802D4372AEFF90B000E907E /* SnapKit in Frameworks */ = {isa = PBXBuildFile; productRef = 8802D4362AEFF90B000E907E /* SnapKit */; };
		8802D43A2AEFF924000E907E /* Moya in Frameworks */ = {isa = PBXBuildFile; productRef = 8802D4392AEFF924000E907E /* Moya */; };
		8802D43D2AEFF959000E907E /* RxCocoa in Frameworks */ = {isa = PBXBuildFile; productRef = 8802D43C2AEFF959000E907E /* RxCocoa */; };
		8802D4522AF00048000E907E /* UIViewController.swift in Sources */ = {isa = PBXBuildFile; fileRef = 8802D4512AF00048000E907E /* UIViewController.swift */; };
		8802D4572AF0015B000E907E /* UIFont.swift in Sources */ = {isa = PBXBuildFile; fileRef = 8802D4562AF0015B000E907E /* UIFont.swift */; };
		8802D4882AF00456000E907E /* IBMPlexSansKR-ExtraLight.ttf in Resources */ = {isa = PBXBuildFile; fileRef = 8802D4802AF00456000E907E /* IBMPlexSansKR-ExtraLight.ttf */; };
		8802D4892AF00456000E907E /* IBMPlexSansKR-Regular.ttf in Resources */ = {isa = PBXBuildFile; fileRef = 8802D4812AF00456000E907E /* IBMPlexSansKR-Regular.ttf */; };
		8802D48A2AF00456000E907E /* IBMPlexSansKR-SemiBold.ttf in Resources */ = {isa = PBXBuildFile; fileRef = 8802D4822AF00456000E907E /* IBMPlexSansKR-SemiBold.ttf */; };
		8802D48B2AF00456000E907E /* IBMPlexSansKR-Medium.ttf in Resources */ = {isa = PBXBuildFile; fileRef = 8802D4832AF00456000E907E /* IBMPlexSansKR-Medium.ttf */; };
		8802D48D2AF00456000E907E /* IBMPlexSansKR-Light.ttf in Resources */ = {isa = PBXBuildFile; fileRef = 8802D4852AF00456000E907E /* IBMPlexSansKR-Light.ttf */; };
		8802D48E2AF00456000E907E /* IBMPlexSansKR-Thin.ttf in Resources */ = {isa = PBXBuildFile; fileRef = 8802D4862AF00456000E907E /* IBMPlexSansKR-Thin.ttf */; };
		8802D48F2AF00456000E907E /* IBMPlexSansKR-Bold.ttf in Resources */ = {isa = PBXBuildFile; fileRef = 8802D4872AF00456000E907E /* IBMPlexSansKR-Bold.ttf */; };
		8802D49E2AF010DD000E907E /* NotoSansKR-VariableFont_wght.ttf in Resources */ = {isa = PBXBuildFile; fileRef = 8802D4912AF010DD000E907E /* NotoSansKR-VariableFont_wght.ttf */; };
		8802D49F2AF010DD000E907E /* NotoSansKR-Light.ttf in Resources */ = {isa = PBXBuildFile; fileRef = 8802D4932AF010DD000E907E /* NotoSansKR-Light.ttf */; };
		8802D4A02AF010DD000E907E /* NotoSansKR-Medium.ttf in Resources */ = {isa = PBXBuildFile; fileRef = 8802D4942AF010DD000E907E /* NotoSansKR-Medium.ttf */; };
		8802D4A12AF010DD000E907E /* NotoSansKR-ExtraBold.ttf in Resources */ = {isa = PBXBuildFile; fileRef = 8802D4952AF010DD000E907E /* NotoSansKR-ExtraBold.ttf */; };
		8802D4A22AF010DD000E907E /* NotoSansKR-Regular.ttf in Resources */ = {isa = PBXBuildFile; fileRef = 8802D4962AF010DD000E907E /* NotoSansKR-Regular.ttf */; };
		8802D4A32AF010DD000E907E /* NotoSansKR-SemiBold.ttf in Resources */ = {isa = PBXBuildFile; fileRef = 8802D4972AF010DD000E907E /* NotoSansKR-SemiBold.ttf */; };
		8802D4A42AF010DD000E907E /* NotoSansKR-Black.ttf in Resources */ = {isa = PBXBuildFile; fileRef = 8802D4982AF010DD000E907E /* NotoSansKR-Black.ttf */; };
		8802D4A52AF010DD000E907E /* NotoSansKR-Thin.ttf in Resources */ = {isa = PBXBuildFile; fileRef = 8802D4992AF010DD000E907E /* NotoSansKR-Thin.ttf */; };
		8802D4A62AF010DD000E907E /* NotoSansKR-ExtraLight.ttf in Resources */ = {isa = PBXBuildFile; fileRef = 8802D49A2AF010DD000E907E /* NotoSansKR-ExtraLight.ttf */; };
		8802D4A72AF010DD000E907E /* NotoSansKR-Bold.ttf in Resources */ = {isa = PBXBuildFile; fileRef = 8802D49B2AF010DD000E907E /* NotoSansKR-Bold.ttf */; };
		8802D4A82AF010DD000E907E /* OFL.txt in Resources */ = {isa = PBXBuildFile; fileRef = 8802D49C2AF010DD000E907E /* OFL.txt */; };
		8802D4A92AF010DD000E907E /* README.txt in Resources */ = {isa = PBXBuildFile; fileRef = 8802D49D2AF010DD000E907E /* README.txt */; };
		8802D4AF2AF0E2CE000E907E /* CALayer.swift in Sources */ = {isa = PBXBuildFile; fileRef = 8802D4AE2AF0E2CE000E907E /* CALayer.swift */; };
		8802D4B12AF0F4E2000E907E /* MenuCell.swift in Sources */ = {isa = PBXBuildFile; fileRef = 8802D4B02AF0F4E2000E907E /* MenuCell.swift */; };
		8802D4DA2AF2652A000E907E /* Chart.swift in Sources */ = {isa = PBXBuildFile; fileRef = 8802D4D92AF2652A000E907E /* Chart.swift */; };
		8849DAB22B1B87DB00708256 /* AuthAPI.swift in Sources */ = {isa = PBXBuildFile; fileRef = 8849DAB12B1B87DB00708256 /* AuthAPI.swift */; };
		8849DAB42B1B897300708256 /* Header.swift in Sources */ = {isa = PBXBuildFile; fileRef = 8849DAB32B1B897300708256 /* Header.swift */; };
		8849DAB62B1B898D00708256 /* MoyaLoggerPlugin.swift in Sources */ = {isa = PBXBuildFile; fileRef = 8849DAB52B1B898D00708256 /* MoyaLoggerPlugin.swift */; };
		8849DAB82B1B8AE300708256 /* DiaryAPI.swift in Sources */ = {isa = PBXBuildFile; fileRef = 8849DAB72B1B8AE300708256 /* DiaryAPI.swift */; };
		8849DABD2B1C3E7100708256 /* SwiftKeychainWrapper in Frameworks */ = {isa = PBXBuildFile; productRef = 8849DABC2B1C3E7100708256 /* SwiftKeychainWrapper */; };
		8849DABF2B1C3E8100708256 /* Moya in Frameworks */ = {isa = PBXBuildFile; productRef = 8849DABE2B1C3E8100708256 /* Moya */; };
		8849DAC12B1C3E8100708256 /* RxMoya in Frameworks */ = {isa = PBXBuildFile; productRef = 8849DAC02B1C3E8100708256 /* RxMoya */; };
		8849DAC42B1C3EF200708256 /* SignupInfo.swift in Sources */ = {isa = PBXBuildFile; fileRef = 8849DAC32B1C3EF200708256 /* SignupInfo.swift */; };
		8849DACC2B1C517800708256 /* AuthModel.swift in Sources */ = {isa = PBXBuildFile; fileRef = 8849DACB2B1C517800708256 /* AuthModel.swift */; };
		888CC4752AFA55AD00C50A99 /* LabelButton.swift in Sources */ = {isa = PBXBuildFile; fileRef = 888CC4742AFA55AD00C50A99 /* LabelButton.swift */; };
		888CC4772AFA563E00C50A99 /* CustomTextField.swift in Sources */ = {isa = PBXBuildFile; fileRef = 888CC4762AFA563E00C50A99 /* CustomTextField.swift */; };
		888CC4792AFA754D00C50A99 /* CustomButton.swift in Sources */ = {isa = PBXBuildFile; fileRef = 888CC4782AFA754D00C50A99 /* CustomButton.swift */; };
		888CC47C2AFA785800C50A99 /* OnboardingViewController.swift in Sources */ = {isa = PBXBuildFile; fileRef = 888CC47B2AFA785800C50A99 /* OnboardingViewController.swift */; };
		888CC4812AFA807E00C50A99 /* LoginViewController.swift in Sources */ = {isa = PBXBuildFile; fileRef = 888CC4802AFA807E00C50A99 /* LoginViewController.swift */; };
		888CC4852AFA80CA00C50A99 /* IdViewController.swift in Sources */ = {isa = PBXBuildFile; fileRef = 888CC4842AFA80CA00C50A99 /* IdViewController.swift */; };
		888CC4872AFB10BD00C50A99 /* PasswordViewController.swift in Sources */ = {isa = PBXBuildFile; fileRef = 888CC4862AFB10BD00C50A99 /* PasswordViewController.swift */; };
		888CC4892AFB11E300C50A99 /* InfoViewController.swift in Sources */ = {isa = PBXBuildFile; fileRef = 888CC4882AFB11E300C50A99 /* InfoViewController.swift */; };
		888CC48B2AFB2D0200C50A99 /* PhysicalInfoViewController.swift in Sources */ = {isa = PBXBuildFile; fileRef = 888CC48A2AFB2D0200C50A99 /* PhysicalInfoViewController.swift */; };
		888CC48E2AFB30D800C50A99 /* RxGesture in Frameworks */ = {isa = PBXBuildFile; productRef = 888CC48D2AFB30D800C50A99 /* RxGesture */; };
		888CC4902AFB31B900C50A99 /* WorkoutTimeViewController.swift in Sources */ = {isa = PBXBuildFile; fileRef = 888CC48F2AFB31B900C50A99 /* WorkoutTimeViewController.swift */; };
		888CC4922AFB36C800C50A99 /* TabBarVC.swift in Sources */ = {isa = PBXBuildFile; fileRef = 888CC4912AFB36C800C50A99 /* TabBarVC.swift */; };
		888CC4BE2AFB6A5400C50A99 /* ChangeViewController.swift in Sources */ = {isa = PBXBuildFile; fileRef = 888CC4BD2AFB6A5400C50A99 /* ChangeViewController.swift */; };
		888CC4C22AFB6D4300C50A99 /* RecordViewController.swift in Sources */ = {isa = PBXBuildFile; fileRef = 888CC4C12AFB6D4300C50A99 /* RecordViewController.swift */; };
		888CC4EA2AFD22EC00C50A99 /* DGCharts in Frameworks */ = {isa = PBXBuildFile; productRef = 888CC4E92AFD22EC00C50A99 /* DGCharts */; };
		888CC4EC2AFDD4BE00C50A99 /* CustomTextView.swift in Sources */ = {isa = PBXBuildFile; fileRef = 888CC4EB2AFDD4BE00C50A99 /* CustomTextView.swift */; };
		88C3E3562B0600AB009B2A32 /* MenuViewController.swift in Sources */ = {isa = PBXBuildFile; fileRef = 88C3E3552B0600AB009B2A32 /* MenuViewController.swift */; };
		88C3E3582B060218009B2A32 /* MenuView.swift in Sources */ = {isa = PBXBuildFile; fileRef = 88C3E3572B060218009B2A32 /* MenuView.swift */; };
		88C3E35A2B0605B6009B2A32 /* DetailMenuViewController.swift in Sources */ = {isa = PBXBuildFile; fileRef = 88C3E3592B0605B6009B2A32 /* DetailMenuViewController.swift */; };
		88C3E35C2B0608B0009B2A32 /* MenuTextField.swift in Sources */ = {isa = PBXBuildFile; fileRef = 88C3E35B2B0608B0009B2A32 /* MenuTextField.swift */; };
		88C3E35F2B072A31009B2A32 /* MenuTableViewCell.swift in Sources */ = {isa = PBXBuildFile; fileRef = 88C3E35E2B072A31009B2A32 /* MenuTableViewCell.swift */; };
		88C3E3622B075331009B2A32 /* UserInfoViewController.swift in Sources */ = {isa = PBXBuildFile; fileRef = 88C3E3612B075331009B2A32 /* UserInfoViewController.swift */; };
		88C3E3642B075366009B2A32 /* UserInfoEditViewController.swift in Sources */ = {isa = PBXBuildFile; fileRef = 88C3E3632B075366009B2A32 /* UserInfoEditViewController.swift */; };
/* End PBXBuildFile section */

/* Begin PBXFileReference section */
		8802D4112AEFE272000E907E /* FitLog.app */ = {isa = PBXFileReference; explicitFileType = wrapper.application; includeInIndex = 0; path = FitLog.app; sourceTree = BUILT_PRODUCTS_DIR; };
		8802D4142AEFE272000E907E /* AppDelegate.swift */ = {isa = PBXFileReference; lastKnownFileType = sourcecode.swift; path = AppDelegate.swift; sourceTree = "<group>"; };
		8802D4162AEFE272000E907E /* SceneDelegate.swift */ = {isa = PBXFileReference; lastKnownFileType = sourcecode.swift; path = SceneDelegate.swift; sourceTree = "<group>"; };
		8802D41D2AEFE273000E907E /* Assets.xcassets */ = {isa = PBXFileReference; lastKnownFileType = folder.assetcatalog; path = Assets.xcassets; sourceTree = "<group>"; };
		8802D4202AEFE273000E907E /* Base */ = {isa = PBXFileReference; lastKnownFileType = file.storyboard; name = Base; path = Base.lproj/LaunchScreen.storyboard; sourceTree = "<group>"; };
		8802D4222AEFE273000E907E /* Info.plist */ = {isa = PBXFileReference; lastKnownFileType = text.plist.xml; path = Info.plist; sourceTree = "<group>"; };
		8802D42D2AEFE2EE000E907E /* MainViewController.swift */ = {isa = PBXFileReference; lastKnownFileType = sourcecode.swift; path = MainViewController.swift; sourceTree = "<group>"; };
		8802D4302AEFE301000E907E /* BaseVC.swift */ = {isa = PBXFileReference; lastKnownFileType = sourcecode.swift; path = BaseVC.swift; sourceTree = "<group>"; };
		8802D4512AF00048000E907E /* UIViewController.swift */ = {isa = PBXFileReference; lastKnownFileType = sourcecode.swift; path = UIViewController.swift; sourceTree = "<group>"; };
		8802D4562AF0015B000E907E /* UIFont.swift */ = {isa = PBXFileReference; lastKnownFileType = sourcecode.swift; path = UIFont.swift; sourceTree = "<group>"; };
		8802D4802AF00456000E907E /* IBMPlexSansKR-ExtraLight.ttf */ = {isa = PBXFileReference; lastKnownFileType = file; path = "IBMPlexSansKR-ExtraLight.ttf"; sourceTree = "<group>"; };
		8802D4812AF00456000E907E /* IBMPlexSansKR-Regular.ttf */ = {isa = PBXFileReference; lastKnownFileType = file; path = "IBMPlexSansKR-Regular.ttf"; sourceTree = "<group>"; };
		8802D4822AF00456000E907E /* IBMPlexSansKR-SemiBold.ttf */ = {isa = PBXFileReference; lastKnownFileType = file; path = "IBMPlexSansKR-SemiBold.ttf"; sourceTree = "<group>"; };
		8802D4832AF00456000E907E /* IBMPlexSansKR-Medium.ttf */ = {isa = PBXFileReference; lastKnownFileType = file; path = "IBMPlexSansKR-Medium.ttf"; sourceTree = "<group>"; };
		8802D4852AF00456000E907E /* IBMPlexSansKR-Light.ttf */ = {isa = PBXFileReference; lastKnownFileType = file; path = "IBMPlexSansKR-Light.ttf"; sourceTree = "<group>"; };
		8802D4862AF00456000E907E /* IBMPlexSansKR-Thin.ttf */ = {isa = PBXFileReference; lastKnownFileType = file; path = "IBMPlexSansKR-Thin.ttf"; sourceTree = "<group>"; };
		8802D4872AF00456000E907E /* IBMPlexSansKR-Bold.ttf */ = {isa = PBXFileReference; lastKnownFileType = file; path = "IBMPlexSansKR-Bold.ttf"; sourceTree = "<group>"; };
		8802D4912AF010DD000E907E /* NotoSansKR-VariableFont_wght.ttf */ = {isa = PBXFileReference; lastKnownFileType = file; path = "NotoSansKR-VariableFont_wght.ttf"; sourceTree = "<group>"; };
		8802D4932AF010DD000E907E /* NotoSansKR-Light.ttf */ = {isa = PBXFileReference; lastKnownFileType = file; path = "NotoSansKR-Light.ttf"; sourceTree = "<group>"; };
		8802D4942AF010DD000E907E /* NotoSansKR-Medium.ttf */ = {isa = PBXFileReference; lastKnownFileType = file; path = "NotoSansKR-Medium.ttf"; sourceTree = "<group>"; };
		8802D4952AF010DD000E907E /* NotoSansKR-ExtraBold.ttf */ = {isa = PBXFileReference; lastKnownFileType = file; path = "NotoSansKR-ExtraBold.ttf"; sourceTree = "<group>"; };
		8802D4962AF010DD000E907E /* NotoSansKR-Regular.ttf */ = {isa = PBXFileReference; lastKnownFileType = file; path = "NotoSansKR-Regular.ttf"; sourceTree = "<group>"; };
		8802D4972AF010DD000E907E /* NotoSansKR-SemiBold.ttf */ = {isa = PBXFileReference; lastKnownFileType = file; path = "NotoSansKR-SemiBold.ttf"; sourceTree = "<group>"; };
		8802D4982AF010DD000E907E /* NotoSansKR-Black.ttf */ = {isa = PBXFileReference; lastKnownFileType = file; path = "NotoSansKR-Black.ttf"; sourceTree = "<group>"; };
		8802D4992AF010DD000E907E /* NotoSansKR-Thin.ttf */ = {isa = PBXFileReference; lastKnownFileType = file; path = "NotoSansKR-Thin.ttf"; sourceTree = "<group>"; };
		8802D49A2AF010DD000E907E /* NotoSansKR-ExtraLight.ttf */ = {isa = PBXFileReference; lastKnownFileType = file; path = "NotoSansKR-ExtraLight.ttf"; sourceTree = "<group>"; };
		8802D49B2AF010DD000E907E /* NotoSansKR-Bold.ttf */ = {isa = PBXFileReference; lastKnownFileType = file; path = "NotoSansKR-Bold.ttf"; sourceTree = "<group>"; };
		8802D49C2AF010DD000E907E /* OFL.txt */ = {isa = PBXFileReference; fileEncoding = 4; lastKnownFileType = text; path = OFL.txt; sourceTree = "<group>"; };
		8802D49D2AF010DD000E907E /* README.txt */ = {isa = PBXFileReference; fileEncoding = 4; lastKnownFileType = text; path = README.txt; sourceTree = "<group>"; };
		8802D4AE2AF0E2CE000E907E /* CALayer.swift */ = {isa = PBXFileReference; lastKnownFileType = sourcecode.swift; path = CALayer.swift; sourceTree = "<group>"; };
		8802D4B02AF0F4E2000E907E /* MenuCell.swift */ = {isa = PBXFileReference; lastKnownFileType = sourcecode.swift; path = MenuCell.swift; sourceTree = "<group>"; };
		8802D4D92AF2652A000E907E /* Chart.swift */ = {isa = PBXFileReference; lastKnownFileType = sourcecode.swift; path = Chart.swift; sourceTree = "<group>"; };
		8849DAB12B1B87DB00708256 /* AuthAPI.swift */ = {isa = PBXFileReference; lastKnownFileType = sourcecode.swift; path = AuthAPI.swift; sourceTree = "<group>"; };
		8849DAB32B1B897300708256 /* Header.swift */ = {isa = PBXFileReference; lastKnownFileType = sourcecode.swift; path = Header.swift; sourceTree = "<group>"; };
		8849DAB52B1B898D00708256 /* MoyaLoggerPlugin.swift */ = {isa = PBXFileReference; lastKnownFileType = sourcecode.swift; path = MoyaLoggerPlugin.swift; sourceTree = "<group>"; };
		8849DAB72B1B8AE300708256 /* DiaryAPI.swift */ = {isa = PBXFileReference; lastKnownFileType = sourcecode.swift; path = DiaryAPI.swift; sourceTree = "<group>"; };
		8849DAC32B1C3EF200708256 /* SignupInfo.swift */ = {isa = PBXFileReference; lastKnownFileType = sourcecode.swift; path = SignupInfo.swift; sourceTree = "<group>"; };
		8849DACB2B1C517800708256 /* AuthModel.swift */ = {isa = PBXFileReference; lastKnownFileType = sourcecode.swift; path = AuthModel.swift; sourceTree = "<group>"; };
		888CC4742AFA55AD00C50A99 /* LabelButton.swift */ = {isa = PBXFileReference; lastKnownFileType = sourcecode.swift; path = LabelButton.swift; sourceTree = "<group>"; };
		888CC4762AFA563E00C50A99 /* CustomTextField.swift */ = {isa = PBXFileReference; lastKnownFileType = sourcecode.swift; path = CustomTextField.swift; sourceTree = "<group>"; };
		888CC4782AFA754D00C50A99 /* CustomButton.swift */ = {isa = PBXFileReference; lastKnownFileType = sourcecode.swift; path = CustomButton.swift; sourceTree = "<group>"; };
		888CC47B2AFA785800C50A99 /* OnboardingViewController.swift */ = {isa = PBXFileReference; lastKnownFileType = sourcecode.swift; path = OnboardingViewController.swift; sourceTree = "<group>"; };
		888CC4802AFA807E00C50A99 /* LoginViewController.swift */ = {isa = PBXFileReference; lastKnownFileType = sourcecode.swift; path = LoginViewController.swift; sourceTree = "<group>"; };
		888CC4842AFA80CA00C50A99 /* IdViewController.swift */ = {isa = PBXFileReference; lastKnownFileType = sourcecode.swift; path = IdViewController.swift; sourceTree = "<group>"; };
		888CC4862AFB10BD00C50A99 /* PasswordViewController.swift */ = {isa = PBXFileReference; lastKnownFileType = sourcecode.swift; path = PasswordViewController.swift; sourceTree = "<group>"; };
		888CC4882AFB11E300C50A99 /* InfoViewController.swift */ = {isa = PBXFileReference; lastKnownFileType = sourcecode.swift; path = InfoViewController.swift; sourceTree = "<group>"; };
		888CC48A2AFB2D0200C50A99 /* PhysicalInfoViewController.swift */ = {isa = PBXFileReference; lastKnownFileType = sourcecode.swift; path = PhysicalInfoViewController.swift; sourceTree = "<group>"; };
		888CC48F2AFB31B900C50A99 /* WorkoutTimeViewController.swift */ = {isa = PBXFileReference; lastKnownFileType = sourcecode.swift; path = WorkoutTimeViewController.swift; sourceTree = "<group>"; };
		888CC4912AFB36C800C50A99 /* TabBarVC.swift */ = {isa = PBXFileReference; lastKnownFileType = sourcecode.swift; path = TabBarVC.swift; sourceTree = "<group>"; };
		888CC4BD2AFB6A5400C50A99 /* ChangeViewController.swift */ = {isa = PBXFileReference; lastKnownFileType = sourcecode.swift; path = ChangeViewController.swift; sourceTree = "<group>"; };
		888CC4C12AFB6D4300C50A99 /* RecordViewController.swift */ = {isa = PBXFileReference; lastKnownFileType = sourcecode.swift; path = RecordViewController.swift; sourceTree = "<group>"; };
		888CC4EB2AFDD4BE00C50A99 /* CustomTextView.swift */ = {isa = PBXFileReference; lastKnownFileType = sourcecode.swift; path = CustomTextView.swift; sourceTree = "<group>"; };
		88C3E3552B0600AB009B2A32 /* MenuViewController.swift */ = {isa = PBXFileReference; lastKnownFileType = sourcecode.swift; path = MenuViewController.swift; sourceTree = "<group>"; };
		88C3E3572B060218009B2A32 /* MenuView.swift */ = {isa = PBXFileReference; lastKnownFileType = sourcecode.swift; path = MenuView.swift; sourceTree = "<group>"; };
		88C3E3592B0605B6009B2A32 /* DetailMenuViewController.swift */ = {isa = PBXFileReference; lastKnownFileType = sourcecode.swift; path = DetailMenuViewController.swift; sourceTree = "<group>"; };
		88C3E35B2B0608B0009B2A32 /* MenuTextField.swift */ = {isa = PBXFileReference; lastKnownFileType = sourcecode.swift; path = MenuTextField.swift; sourceTree = "<group>"; };
		88C3E35E2B072A31009B2A32 /* MenuTableViewCell.swift */ = {isa = PBXFileReference; lastKnownFileType = sourcecode.swift; path = MenuTableViewCell.swift; sourceTree = "<group>"; };
		88C3E3612B075331009B2A32 /* UserInfoViewController.swift */ = {isa = PBXFileReference; lastKnownFileType = sourcecode.swift; path = UserInfoViewController.swift; sourceTree = "<group>"; };
		88C3E3632B075366009B2A32 /* UserInfoEditViewController.swift */ = {isa = PBXFileReference; lastKnownFileType = sourcecode.swift; path = UserInfoEditViewController.swift; sourceTree = "<group>"; };
/* End PBXFileReference section */

/* Begin PBXFrameworksBuildPhase section */
		8802D40E2AEFE272000E907E /* Frameworks */ = {
			isa = PBXFrameworksBuildPhase;
			buildActionMask = 2147483647;
			files = (
				8802D4342AEFF8FF000E907E /* Then in Frameworks */,
				8802D4372AEFF90B000E907E /* SnapKit in Frameworks */,
				8849DABF2B1C3E8100708256 /* Moya in Frameworks */,
				888CC48E2AFB30D800C50A99 /* RxGesture in Frameworks */,
				8802D43D2AEFF959000E907E /* RxCocoa in Frameworks */,
				888CC4EA2AFD22EC00C50A99 /* DGCharts in Frameworks */,
				8849DAC12B1C3E8100708256 /* RxMoya in Frameworks */,
				8802D43A2AEFF924000E907E /* Moya in Frameworks */,
				8849DABD2B1C3E7100708256 /* SwiftKeychainWrapper in Frameworks */,
			);
			runOnlyForDeploymentPostprocessing = 0;
		};
/* End PBXFrameworksBuildPhase section */

/* Begin PBXGroup section */
		8802D4082AEFE272000E907E = {
			isa = PBXGroup;
			children = (
				8802D4132AEFE272000E907E /* FitLog */,
				8802D4122AEFE272000E907E /* Products */,
			);
			sourceTree = "<group>";
		};
		8802D4122AEFE272000E907E /* Products */ = {
			isa = PBXGroup;
			children = (
				8802D4112AEFE272000E907E /* FitLog.app */,
			);
			name = Products;
			sourceTree = "<group>";
		};
		8802D4132AEFE272000E907E /* FitLog */ = {
			isa = PBXGroup;
			children = (
				8802D4282AEFE294000E907E /* Resources */,
				8802D4292AEFE2B4000E907E /* Sources */,
				8802D4222AEFE273000E907E /* Info.plist */,
			);
			path = FitLog;
			sourceTree = "<group>";
		};
		8802D4282AEFE294000E907E /* Resources */ = {
			isa = PBXGroup;
			children = (
				8802D4902AF010DD000E907E /* Noto_Sans_KR */,
				8802D47F2AF00456000E907E /* IBM_Plex_Sans_KR */,
				8802D41D2AEFE273000E907E /* Assets.xcassets */,
				8802D41F2AEFE273000E907E /* LaunchScreen.storyboard */,
			);
			path = Resources;
			sourceTree = "<group>";
		};
		8802D4292AEFE2B4000E907E /* Sources */ = {
			isa = PBXGroup;
			children = (
				8802D42A2AEFE2C3000E907E /* Application */,
				8802D42F2AEFE2F4000E907E /* Base */,
				8802D4D82AF2651D000E907E /* Component */,
				8802D44F2AF00000000E907E /* Extension */,
				8849DA6D2B19FA3400708256 /* Netwoking */,
				8849DACA2B1C45EE00708256 /* Model */,
				8802D42B2AEFE2CD000E907E /* Scene */,
			);
			path = Sources;
			sourceTree = "<group>";
		};
		8802D42A2AEFE2C3000E907E /* Application */ = {
			isa = PBXGroup;
			children = (
				8802D4142AEFE272000E907E /* AppDelegate.swift */,
				8802D4162AEFE272000E907E /* SceneDelegate.swift */,
			);
			path = Application;
			sourceTree = "<group>";
		};
		8802D42B2AEFE2CD000E907E /* Scene */ = {
			isa = PBXGroup;
			children = (
				888CC47A2AFA784A00C50A99 /* Onboarding */,
				888CC47F2AFA806A00C50A99 /* Auth */,
				8802D42C2AEFE2DA000E907E /* Main */,
				888CC4C02AFB6D3000C50A99 /* PhysicalChange */,
				888CC4BF2AFB6CCD00C50A99 /* Record */,
				88C3E3542B06006D009B2A32 /* Menu */,
				88C3E3602B0752FD009B2A32 /* User */,
			);
			path = Scene;
			sourceTree = "<group>";
		};
		8802D42C2AEFE2DA000E907E /* Main */ = {
			isa = PBXGroup;
			children = (
				8802D42D2AEFE2EE000E907E /* MainViewController.swift */,
				888CC48F2AFB31B900C50A99 /* WorkoutTimeViewController.swift */,
				8802D4B22AF0F4E4000E907E /* Cell */,
			);
			path = Main;
			sourceTree = "<group>";
		};
		8802D42F2AEFE2F4000E907E /* Base */ = {
			isa = PBXGroup;
			children = (
				8802D4302AEFE301000E907E /* BaseVC.swift */,
				888CC4912AFB36C800C50A99 /* TabBarVC.swift */,
			);
			path = Base;
			sourceTree = "<group>";
		};
		8802D44F2AF00000000E907E /* Extension */ = {
			isa = PBXGroup;
			children = (
				8802D4512AF00048000E907E /* UIViewController.swift */,
				8802D4562AF0015B000E907E /* UIFont.swift */,
				8802D4AE2AF0E2CE000E907E /* CALayer.swift */,
			);
			path = Extension;
			sourceTree = "<group>";
		};
		8802D47F2AF00456000E907E /* IBM_Plex_Sans_KR */ = {
			isa = PBXGroup;
			children = (
				8802D4802AF00456000E907E /* IBMPlexSansKR-ExtraLight.ttf */,
				8802D4812AF00456000E907E /* IBMPlexSansKR-Regular.ttf */,
				8802D4822AF00456000E907E /* IBMPlexSansKR-SemiBold.ttf */,
				8802D4832AF00456000E907E /* IBMPlexSansKR-Medium.ttf */,
				8802D4852AF00456000E907E /* IBMPlexSansKR-Light.ttf */,
				8802D4862AF00456000E907E /* IBMPlexSansKR-Thin.ttf */,
				8802D4872AF00456000E907E /* IBMPlexSansKR-Bold.ttf */,
			);
			name = IBM_Plex_Sans_KR;
			path = ../../../../../Documents/Font/IBM_Plex_Sans_KR;
			sourceTree = "<group>";
		};
		8802D4902AF010DD000E907E /* Noto_Sans_KR */ = {
			isa = PBXGroup;
			children = (
				8802D4912AF010DD000E907E /* NotoSansKR-VariableFont_wght.ttf */,
				8802D4922AF010DD000E907E /* static */,
				8802D49C2AF010DD000E907E /* OFL.txt */,
				8802D49D2AF010DD000E907E /* README.txt */,
			);
			name = Noto_Sans_KR;
			path = ../../../../../Documents/Font/Noto_Sans_KR;
			sourceTree = "<group>";
		};
		8802D4922AF010DD000E907E /* static */ = {
			isa = PBXGroup;
			children = (
				8802D4932AF010DD000E907E /* NotoSansKR-Light.ttf */,
				8802D4942AF010DD000E907E /* NotoSansKR-Medium.ttf */,
				8802D4952AF010DD000E907E /* NotoSansKR-ExtraBold.ttf */,
				8802D4962AF010DD000E907E /* NotoSansKR-Regular.ttf */,
				8802D4972AF010DD000E907E /* NotoSansKR-SemiBold.ttf */,
				8802D4982AF010DD000E907E /* NotoSansKR-Black.ttf */,
				8802D4992AF010DD000E907E /* NotoSansKR-Thin.ttf */,
				8802D49A2AF010DD000E907E /* NotoSansKR-ExtraLight.ttf */,
				8802D49B2AF010DD000E907E /* NotoSansKR-Bold.ttf */,
			);
			path = static;
			sourceTree = "<group>";
		};
		8802D4B22AF0F4E4000E907E /* Cell */ = {
			isa = PBXGroup;
			children = (
				8802D4B02AF0F4E2000E907E /* MenuCell.swift */,
			);
			path = Cell;
			sourceTree = "<group>";
		};
		8802D4D82AF2651D000E907E /* Component */ = {
			isa = PBXGroup;
			children = (
				8802D4D92AF2652A000E907E /* Chart.swift */,
				888CC4742AFA55AD00C50A99 /* LabelButton.swift */,
				888CC4762AFA563E00C50A99 /* CustomTextField.swift */,
				888CC4782AFA754D00C50A99 /* CustomButton.swift */,
				888CC4EB2AFDD4BE00C50A99 /* CustomTextView.swift */,
				88C3E3572B060218009B2A32 /* MenuView.swift */,
				88C3E35B2B0608B0009B2A32 /* MenuTextField.swift */,
			);
			path = Component;
			sourceTree = "<group>";
		};
		8849DA6D2B19FA3400708256 /* Netwoking */ = {
			isa = PBXGroup;
			children = (
				8849DA6F2B19FA4900708256 /* API */,
				8849DA712B19FA5600708256 /* Header */,
				8849DA732B19FA7300708256 /* Plugin */,
				8849DAC22B1C3EE400708256 /* SignupInfo */,
			);
			path = Netwoking;
			sourceTree = "<group>";
		};
		8849DA6F2B19FA4900708256 /* API */ = {
			isa = PBXGroup;
			children = (
				8849DAB12B1B87DB00708256 /* AuthAPI.swift */,
				8849DAB72B1B8AE300708256 /* DiaryAPI.swift */,
			);
			path = API;
			sourceTree = "<group>";
		};
		8849DA712B19FA5600708256 /* Header */ = {
			isa = PBXGroup;
			children = (
				8849DAB32B1B897300708256 /* Header.swift */,
			);
			path = Header;
			sourceTree = "<group>";
		};
		8849DA732B19FA7300708256 /* Plugin */ = {
			isa = PBXGroup;
			children = (
				8849DAB52B1B898D00708256 /* MoyaLoggerPlugin.swift */,
			);
			path = Plugin;
			sourceTree = "<group>";
		};
		8849DAC22B1C3EE400708256 /* SignupInfo */ = {
			isa = PBXGroup;
			children = (
				8849DAC32B1C3EF200708256 /* SignupInfo.swift */,
			);
			path = SignupInfo;
			sourceTree = "<group>";
		};
		8849DACA2B1C45EE00708256 /* Model */ = {
			isa = PBXGroup;
			children = (
				8849DACB2B1C517800708256 /* AuthModel.swift */,
			);
			path = Model;
			sourceTree = "<group>";
		};
		888CC47A2AFA784A00C50A99 /* Onboarding */ = {
			isa = PBXGroup;
			children = (
				888CC47B2AFA785800C50A99 /* OnboardingViewController.swift */,
			);
			path = Onboarding;
			sourceTree = "<group>";
		};
		888CC47F2AFA806A00C50A99 /* Auth */ = {
			isa = PBXGroup;
			children = (
				888CC4822AFA80B400C50A99 /* Login */,
				888CC4832AFA80BA00C50A99 /* Signup */,
			);
			path = Auth;
			sourceTree = "<group>";
		};
		888CC4822AFA80B400C50A99 /* Login */ = {
			isa = PBXGroup;
			children = (
				888CC4802AFA807E00C50A99 /* LoginViewController.swift */,
			);
			path = Login;
			sourceTree = "<group>";
		};
		888CC4832AFA80BA00C50A99 /* Signup */ = {
			isa = PBXGroup;
			children = (
				888CC4842AFA80CA00C50A99 /* IdViewController.swift */,
				888CC4862AFB10BD00C50A99 /* PasswordViewController.swift */,
				888CC4882AFB11E300C50A99 /* InfoViewController.swift */,
				888CC48A2AFB2D0200C50A99 /* PhysicalInfoViewController.swift */,
			);
			path = Signup;
			sourceTree = "<group>";
		};
		888CC4BF2AFB6CCD00C50A99 /* Record */ = {
			isa = PBXGroup;
			children = (
				888CC4C12AFB6D4300C50A99 /* RecordViewController.swift */,
			);
			path = Record;
			sourceTree = "<group>";
		};
		888CC4C02AFB6D3000C50A99 /* PhysicalChange */ = {
			isa = PBXGroup;
			children = (
				888CC4BD2AFB6A5400C50A99 /* ChangeViewController.swift */,
			);
			path = PhysicalChange;
			sourceTree = "<group>";
		};
		88C3E3542B06006D009B2A32 /* Menu */ = {
			isa = PBXGroup;
			children = (
				88C3E3552B0600AB009B2A32 /* MenuViewController.swift */,
				88C3E3592B0605B6009B2A32 /* DetailMenuViewController.swift */,
				88C3E35D2B072A14009B2A32 /* Cell */,
			);
			path = Menu;
			sourceTree = "<group>";
		};
		88C3E35D2B072A14009B2A32 /* Cell */ = {
			isa = PBXGroup;
			children = (
				88C3E35E2B072A31009B2A32 /* MenuTableViewCell.swift */,
			);
			path = Cell;
			sourceTree = "<group>";
		};
		88C3E3602B0752FD009B2A32 /* User */ = {
			isa = PBXGroup;
			children = (
				88C3E3612B075331009B2A32 /* UserInfoViewController.swift */,
				88C3E3632B075366009B2A32 /* UserInfoEditViewController.swift */,
			);
			path = User;
			sourceTree = "<group>";
		};
/* End PBXGroup section */

/* Begin PBXNativeTarget section */
		8802D4102AEFE272000E907E /* FitLog */ = {
			isa = PBXNativeTarget;
			buildConfigurationList = 8802D4252AEFE273000E907E /* Build configuration list for PBXNativeTarget "FitLog" */;
			buildPhases = (
				8802D40D2AEFE272000E907E /* Sources */,
				8802D40E2AEFE272000E907E /* Frameworks */,
				8802D40F2AEFE272000E907E /* Resources */,
			);
			buildRules = (
			);
			dependencies = (
			);
			name = FitLog;
			packageProductDependencies = (
				8802D4332AEFF8FF000E907E /* Then */,
				8802D4362AEFF90B000E907E /* SnapKit */,
				8802D4392AEFF924000E907E /* Moya */,
				8802D43C2AEFF959000E907E /* RxCocoa */,
				888CC48D2AFB30D800C50A99 /* RxGesture */,
				888CC4E92AFD22EC00C50A99 /* DGCharts */,
				8849DABC2B1C3E7100708256 /* SwiftKeychainWrapper */,
				8849DABE2B1C3E8100708256 /* Moya */,
				8849DAC02B1C3E8100708256 /* RxMoya */,
			);
			productName = FitLog;
			productReference = 8802D4112AEFE272000E907E /* FitLog.app */;
			productType = "com.apple.product-type.application";
		};
/* End PBXNativeTarget section */

/* Begin PBXProject section */
		8802D4092AEFE272000E907E /* Project object */ = {
			isa = PBXProject;
			attributes = {
				BuildIndependentTargetsInParallel = 1;
				LastSwiftUpdateCheck = 1500;
				LastUpgradeCheck = 1500;
				TargetAttributes = {
					8802D4102AEFE272000E907E = {
						CreatedOnToolsVersion = 15.0.1;
					};
				};
			};
			buildConfigurationList = 8802D40C2AEFE272000E907E /* Build configuration list for PBXProject "FitLog" */;
			compatibilityVersion = "Xcode 14.0";
			developmentRegion = en;
			hasScannedForEncodings = 0;
			knownRegions = (
				en,
				Base,
			);
			mainGroup = 8802D4082AEFE272000E907E;
			packageReferences = (
				8802D4322AEFF8FF000E907E /* XCRemoteSwiftPackageReference "Then" */,
				8802D4352AEFF90B000E907E /* XCRemoteSwiftPackageReference "SnapKit" */,
				8802D4382AEFF924000E907E /* XCRemoteSwiftPackageReference "Moya" */,
				8802D43B2AEFF959000E907E /* XCRemoteSwiftPackageReference "RxSwift" */,
				888CC48C2AFB30D800C50A99 /* XCRemoteSwiftPackageReference "RxGesture" */,
				888CC4E82AFD22EC00C50A99 /* XCRemoteSwiftPackageReference "Charts" */,
				8849DABB2B1C3E7100708256 /* XCRemoteSwiftPackageReference "SwiftKeychainWrapper" */,
			);
			productRefGroup = 8802D4122AEFE272000E907E /* Products */;
			projectDirPath = "";
			projectRoot = "";
			targets = (
				8802D4102AEFE272000E907E /* FitLog */,
			);
		};
/* End PBXProject section */

/* Begin PBXResourcesBuildPhase section */
		8802D40F2AEFE272000E907E /* Resources */ = {
			isa = PBXResourcesBuildPhase;
			buildActionMask = 2147483647;
			files = (
				8802D4212AEFE273000E907E /* LaunchScreen.storyboard in Resources */,
				8802D4A32AF010DD000E907E /* NotoSansKR-SemiBold.ttf in Resources */,
				8802D49F2AF010DD000E907E /* NotoSansKR-Light.ttf in Resources */,
				8802D48F2AF00456000E907E /* IBMPlexSansKR-Bold.ttf in Resources */,
				8802D4A62AF010DD000E907E /* NotoSansKR-ExtraLight.ttf in Resources */,
				8802D4A72AF010DD000E907E /* NotoSansKR-Bold.ttf in Resources */,
				8802D4A22AF010DD000E907E /* NotoSansKR-Regular.ttf in Resources */,
				8802D49E2AF010DD000E907E /* NotoSansKR-VariableFont_wght.ttf in Resources */,
				8802D4882AF00456000E907E /* IBMPlexSansKR-ExtraLight.ttf in Resources */,
				8802D48A2AF00456000E907E /* IBMPlexSansKR-SemiBold.ttf in Resources */,
				8802D4A82AF010DD000E907E /* OFL.txt in Resources */,
				8802D48E2AF00456000E907E /* IBMPlexSansKR-Thin.ttf in Resources */,
				8802D48B2AF00456000E907E /* IBMPlexSansKR-Medium.ttf in Resources */,
				8802D4A52AF010DD000E907E /* NotoSansKR-Thin.ttf in Resources */,
				8802D41E2AEFE273000E907E /* Assets.xcassets in Resources */,
				8802D4A02AF010DD000E907E /* NotoSansKR-Medium.ttf in Resources */,
				8802D4A42AF010DD000E907E /* NotoSansKR-Black.ttf in Resources */,
				8802D4A12AF010DD000E907E /* NotoSansKR-ExtraBold.ttf in Resources */,
				8802D4892AF00456000E907E /* IBMPlexSansKR-Regular.ttf in Resources */,
				8802D4A92AF010DD000E907E /* README.txt in Resources */,
				8802D48D2AF00456000E907E /* IBMPlexSansKR-Light.ttf in Resources */,
			);
			runOnlyForDeploymentPostprocessing = 0;
		};
/* End PBXResourcesBuildPhase section */

/* Begin PBXSourcesBuildPhase section */
		8802D40D2AEFE272000E907E /* Sources */ = {
			isa = PBXSourcesBuildPhase;
			buildActionMask = 2147483647;
			files = (
				888CC4792AFA754D00C50A99 /* CustomButton.swift in Sources */,
				888CC4EC2AFDD4BE00C50A99 /* CustomTextView.swift in Sources */,
				88C3E35F2B072A31009B2A32 /* MenuTableViewCell.swift in Sources */,
				8802D4DA2AF2652A000E907E /* Chart.swift in Sources */,
				8802D42E2AEFE2EE000E907E /* MainViewController.swift in Sources */,
				8849DAC42B1C3EF200708256 /* SignupInfo.swift in Sources */,
				8802D4AF2AF0E2CE000E907E /* CALayer.swift in Sources */,
				8802D4B12AF0F4E2000E907E /* MenuCell.swift in Sources */,
				888CC48B2AFB2D0200C50A99 /* PhysicalInfoViewController.swift in Sources */,
				88C3E3562B0600AB009B2A32 /* MenuViewController.swift in Sources */,
				88C3E35A2B0605B6009B2A32 /* DetailMenuViewController.swift in Sources */,
				8849DAB82B1B8AE300708256 /* DiaryAPI.swift in Sources */,
				8802D4152AEFE272000E907E /* AppDelegate.swift in Sources */,
				8802D4572AF0015B000E907E /* UIFont.swift in Sources */,
				88C3E3582B060218009B2A32 /* MenuView.swift in Sources */,
				88C3E3642B075366009B2A32 /* UserInfoEditViewController.swift in Sources */,
				888CC4852AFA80CA00C50A99 /* IdViewController.swift in Sources */,
				888CC4BE2AFB6A5400C50A99 /* ChangeViewController.swift in Sources */,
				8849DAB42B1B897300708256 /* Header.swift in Sources */,
				8802D4172AEFE272000E907E /* SceneDelegate.swift in Sources */,
				888CC4772AFA563E00C50A99 /* CustomTextField.swift in Sources */,
				8802D4312AEFE301000E907E /* BaseVC.swift in Sources */,
				888CC4812AFA807E00C50A99 /* LoginViewController.swift in Sources */,
				88C3E3622B075331009B2A32 /* UserInfoViewController.swift in Sources */,
				888CC47C2AFA785800C50A99 /* OnboardingViewController.swift in Sources */,
				88C3E35C2B0608B0009B2A32 /* MenuTextField.swift in Sources */,
				888CC4C22AFB6D4300C50A99 /* RecordViewController.swift in Sources */,
				888CC4902AFB31B900C50A99 /* WorkoutTimeViewController.swift in Sources */,
				8849DACC2B1C517800708256 /* AuthModel.swift in Sources */,
				888CC4752AFA55AD00C50A99 /* LabelButton.swift in Sources */,
				8802D4522AF00048000E907E /* UIViewController.swift in Sources */,
				888CC4872AFB10BD00C50A99 /* PasswordViewController.swift in Sources */,
				8849DAB22B1B87DB00708256 /* AuthAPI.swift in Sources */,
				888CC4922AFB36C800C50A99 /* TabBarVC.swift in Sources */,
				8849DAB62B1B898D00708256 /* MoyaLoggerPlugin.swift in Sources */,
				888CC4892AFB11E300C50A99 /* InfoViewController.swift in Sources */,
			);
			runOnlyForDeploymentPostprocessing = 0;
		};
/* End PBXSourcesBuildPhase section */

/* Begin PBXVariantGroup section */
		8802D41F2AEFE273000E907E /* LaunchScreen.storyboard */ = {
			isa = PBXVariantGroup;
			children = (
				8802D4202AEFE273000E907E /* Base */,
			);
			name = LaunchScreen.storyboard;
			sourceTree = "<group>";
		};
/* End PBXVariantGroup section */

/* Begin XCBuildConfiguration section */
		8802D4232AEFE273000E907E /* Debug */ = {
			isa = XCBuildConfiguration;
			buildSettings = {
				ALWAYS_SEARCH_USER_PATHS = NO;
				ASSETCATALOG_COMPILER_GENERATE_SWIFT_ASSET_SYMBOL_EXTENSIONS = YES;
				CLANG_ANALYZER_NONNULL = YES;
				CLANG_ANALYZER_NUMBER_OBJECT_CONVERSION = YES_AGGRESSIVE;
				CLANG_CXX_LANGUAGE_STANDARD = "gnu++20";
				CLANG_ENABLE_MODULES = YES;
				CLANG_ENABLE_OBJC_ARC = YES;
				CLANG_ENABLE_OBJC_WEAK = YES;
				CLANG_WARN_BLOCK_CAPTURE_AUTORELEASING = YES;
				CLANG_WARN_BOOL_CONVERSION = YES;
				CLANG_WARN_COMMA = YES;
				CLANG_WARN_CONSTANT_CONVERSION = YES;
				CLANG_WARN_DEPRECATED_OBJC_IMPLEMENTATIONS = YES;
				CLANG_WARN_DIRECT_OBJC_ISA_USAGE = YES_ERROR;
				CLANG_WARN_DOCUMENTATION_COMMENTS = YES;
				CLANG_WARN_EMPTY_BODY = YES;
				CLANG_WARN_ENUM_CONVERSION = YES;
				CLANG_WARN_INFINITE_RECURSION = YES;
				CLANG_WARN_INT_CONVERSION = YES;
				CLANG_WARN_NON_LITERAL_NULL_CONVERSION = YES;
				CLANG_WARN_OBJC_IMPLICIT_RETAIN_SELF = YES;
				CLANG_WARN_OBJC_LITERAL_CONVERSION = YES;
				CLANG_WARN_OBJC_ROOT_CLASS = YES_ERROR;
				CLANG_WARN_QUOTED_INCLUDE_IN_FRAMEWORK_HEADER = YES;
				CLANG_WARN_RANGE_LOOP_ANALYSIS = YES;
				CLANG_WARN_STRICT_PROTOTYPES = YES;
				CLANG_WARN_SUSPICIOUS_MOVE = YES;
				CLANG_WARN_UNGUARDED_AVAILABILITY = YES_AGGRESSIVE;
				CLANG_WARN_UNREACHABLE_CODE = YES;
				CLANG_WARN__DUPLICATE_METHOD_MATCH = YES;
				COPY_PHASE_STRIP = NO;
				DEBUG_INFORMATION_FORMAT = dwarf;
				ENABLE_STRICT_OBJC_MSGSEND = YES;
				ENABLE_TESTABILITY = YES;
				ENABLE_USER_SCRIPT_SANDBOXING = YES;
				GCC_C_LANGUAGE_STANDARD = gnu17;
				GCC_DYNAMIC_NO_PIC = NO;
				GCC_NO_COMMON_BLOCKS = YES;
				GCC_OPTIMIZATION_LEVEL = 0;
				GCC_PREPROCESSOR_DEFINITIONS = (
					"DEBUG=1",
					"$(inherited)",
				);
				GCC_WARN_64_TO_32_BIT_CONVERSION = YES;
				GCC_WARN_ABOUT_RETURN_TYPE = YES_ERROR;
				GCC_WARN_UNDECLARED_SELECTOR = YES;
				GCC_WARN_UNINITIALIZED_AUTOS = YES_AGGRESSIVE;
				GCC_WARN_UNUSED_FUNCTION = YES;
				GCC_WARN_UNUSED_VARIABLE = YES;
				IPHONEOS_DEPLOYMENT_TARGET = 17.0;
				LOCALIZATION_PREFERS_STRING_CATALOGS = YES;
				MTL_ENABLE_DEBUG_INFO = INCLUDE_SOURCE;
				MTL_FAST_MATH = YES;
				ONLY_ACTIVE_ARCH = YES;
				SDKROOT = iphoneos;
				SWIFT_ACTIVE_COMPILATION_CONDITIONS = "DEBUG $(inherited)";
				SWIFT_OPTIMIZATION_LEVEL = "-Onone";
			};
			name = Debug;
		};
		8802D4242AEFE273000E907E /* Release */ = {
			isa = XCBuildConfiguration;
			buildSettings = {
				ALWAYS_SEARCH_USER_PATHS = NO;
				ASSETCATALOG_COMPILER_GENERATE_SWIFT_ASSET_SYMBOL_EXTENSIONS = YES;
				CLANG_ANALYZER_NONNULL = YES;
				CLANG_ANALYZER_NUMBER_OBJECT_CONVERSION = YES_AGGRESSIVE;
				CLANG_CXX_LANGUAGE_STANDARD = "gnu++20";
				CLANG_ENABLE_MODULES = YES;
				CLANG_ENABLE_OBJC_ARC = YES;
				CLANG_ENABLE_OBJC_WEAK = YES;
				CLANG_WARN_BLOCK_CAPTURE_AUTORELEASING = YES;
				CLANG_WARN_BOOL_CONVERSION = YES;
				CLANG_WARN_COMMA = YES;
				CLANG_WARN_CONSTANT_CONVERSION = YES;
				CLANG_WARN_DEPRECATED_OBJC_IMPLEMENTATIONS = YES;
				CLANG_WARN_DIRECT_OBJC_ISA_USAGE = YES_ERROR;
				CLANG_WARN_DOCUMENTATION_COMMENTS = YES;
				CLANG_WARN_EMPTY_BODY = YES;
				CLANG_WARN_ENUM_CONVERSION = YES;
				CLANG_WARN_INFINITE_RECURSION = YES;
				CLANG_WARN_INT_CONVERSION = YES;
				CLANG_WARN_NON_LITERAL_NULL_CONVERSION = YES;
				CLANG_WARN_OBJC_IMPLICIT_RETAIN_SELF = YES;
				CLANG_WARN_OBJC_LITERAL_CONVERSION = YES;
				CLANG_WARN_OBJC_ROOT_CLASS = YES_ERROR;
				CLANG_WARN_QUOTED_INCLUDE_IN_FRAMEWORK_HEADER = YES;
				CLANG_WARN_RANGE_LOOP_ANALYSIS = YES;
				CLANG_WARN_STRICT_PROTOTYPES = YES;
				CLANG_WARN_SUSPICIOUS_MOVE = YES;
				CLANG_WARN_UNGUARDED_AVAILABILITY = YES_AGGRESSIVE;
				CLANG_WARN_UNREACHABLE_CODE = YES;
				CLANG_WARN__DUPLICATE_METHOD_MATCH = YES;
				COPY_PHASE_STRIP = NO;
				DEBUG_INFORMATION_FORMAT = "dwarf-with-dsym";
				ENABLE_NS_ASSERTIONS = NO;
				ENABLE_STRICT_OBJC_MSGSEND = YES;
				ENABLE_USER_SCRIPT_SANDBOXING = YES;
				GCC_C_LANGUAGE_STANDARD = gnu17;
				GCC_NO_COMMON_BLOCKS = YES;
				GCC_WARN_64_TO_32_BIT_CONVERSION = YES;
				GCC_WARN_ABOUT_RETURN_TYPE = YES_ERROR;
				GCC_WARN_UNDECLARED_SELECTOR = YES;
				GCC_WARN_UNINITIALIZED_AUTOS = YES_AGGRESSIVE;
				GCC_WARN_UNUSED_FUNCTION = YES;
				GCC_WARN_UNUSED_VARIABLE = YES;
				IPHONEOS_DEPLOYMENT_TARGET = 17.0;
				LOCALIZATION_PREFERS_STRING_CATALOGS = YES;
				MTL_ENABLE_DEBUG_INFO = NO;
				MTL_FAST_MATH = YES;
				SDKROOT = iphoneos;
				SWIFT_COMPILATION_MODE = wholemodule;
				VALIDATE_PRODUCT = YES;
			};
			name = Release;
		};
		8802D4262AEFE273000E907E /* Debug */ = {
			isa = XCBuildConfiguration;
			buildSettings = {
				ASSETCATALOG_COMPILER_APPICON_NAME = AppIcon;
				ASSETCATALOG_COMPILER_GLOBAL_ACCENT_COLOR_NAME = AccentColor;
				CODE_SIGN_STYLE = Automatic;
				CURRENT_PROJECT_VERSION = 1;
				DEVELOPMENT_TEAM = 8836BP5ACL;
				GENERATE_INFOPLIST_FILE = YES;
				INFOPLIST_FILE = FitLog/Info.plist;
				INFOPLIST_KEY_UIApplicationSupportsIndirectInputEvents = YES;
				INFOPLIST_KEY_UILaunchStoryboardName = LaunchScreen;
				INFOPLIST_KEY_UISupportedInterfaceOrientations_iPad = "UIInterfaceOrientationPortrait UIInterfaceOrientationPortraitUpsideDown UIInterfaceOrientationLandscapeLeft UIInterfaceOrientationLandscapeRight";
				INFOPLIST_KEY_UISupportedInterfaceOrientations_iPhone = "UIInterfaceOrientationPortrait UIInterfaceOrientationLandscapeLeft UIInterfaceOrientationLandscapeRight";
				LD_RUNPATH_SEARCH_PATHS = (
					"$(inherited)",
					"@executable_path/Frameworks",
				);
				MARKETING_VERSION = 1.0;
				PRODUCT_BUNDLE_IDENTIFIER = com.choyj.FitLog;
				PRODUCT_NAME = "$(TARGET_NAME)";
				SWIFT_EMIT_LOC_STRINGS = YES;
				SWIFT_VERSION = 5.0;
				TARGETED_DEVICE_FAMILY = "1,2";
			};
			name = Debug;
		};
		8802D4272AEFE273000E907E /* Release */ = {
			isa = XCBuildConfiguration;
			buildSettings = {
				ASSETCATALOG_COMPILER_APPICON_NAME = AppIcon;
				ASSETCATALOG_COMPILER_GLOBAL_ACCENT_COLOR_NAME = AccentColor;
				CODE_SIGN_STYLE = Automatic;
				CURRENT_PROJECT_VERSION = 1;
				DEVELOPMENT_TEAM = 8836BP5ACL;
				GENERATE_INFOPLIST_FILE = YES;
				INFOPLIST_FILE = FitLog/Info.plist;
				INFOPLIST_KEY_UIApplicationSupportsIndirectInputEvents = YES;
				INFOPLIST_KEY_UILaunchStoryboardName = LaunchScreen;
				INFOPLIST_KEY_UISupportedInterfaceOrientations_iPad = "UIInterfaceOrientationPortrait UIInterfaceOrientationPortraitUpsideDown UIInterfaceOrientationLandscapeLeft UIInterfaceOrientationLandscapeRight";
				INFOPLIST_KEY_UISupportedInterfaceOrientations_iPhone = "UIInterfaceOrientationPortrait UIInterfaceOrientationLandscapeLeft UIInterfaceOrientationLandscapeRight";
				LD_RUNPATH_SEARCH_PATHS = (
					"$(inherited)",
					"@executable_path/Frameworks",
				);
				MARKETING_VERSION = 1.0;
				PRODUCT_BUNDLE_IDENTIFIER = com.choyj.FitLog;
				PRODUCT_NAME = "$(TARGET_NAME)";
				SWIFT_EMIT_LOC_STRINGS = YES;
				SWIFT_VERSION = 5.0;
				TARGETED_DEVICE_FAMILY = "1,2";
			};
			name = Release;
		};
/* End XCBuildConfiguration section */

/* Begin XCConfigurationList section */
		8802D40C2AEFE272000E907E /* Build configuration list for PBXProject "FitLog" */ = {
			isa = XCConfigurationList;
			buildConfigurations = (
				8802D4232AEFE273000E907E /* Debug */,
				8802D4242AEFE273000E907E /* Release */,
			);
			defaultConfigurationIsVisible = 0;
			defaultConfigurationName = Release;
		};
		8802D4252AEFE273000E907E /* Build configuration list for PBXNativeTarget "FitLog" */ = {
			isa = XCConfigurationList;
			buildConfigurations = (
				8802D4262AEFE273000E907E /* Debug */,
				8802D4272AEFE273000E907E /* Release */,
			);
			defaultConfigurationIsVisible = 0;
			defaultConfigurationName = Release;
		};
/* End XCConfigurationList section */

/* Begin XCRemoteSwiftPackageReference section */
		8802D4322AEFF8FF000E907E /* XCRemoteSwiftPackageReference "Then" */ = {
			isa = XCRemoteSwiftPackageReference;
			repositoryURL = "https://github.com/devxoul/Then";
			requirement = {
				kind = upToNextMajorVersion;
				minimumVersion = 3.0.0;
			};
		};
		8802D4352AEFF90B000E907E /* XCRemoteSwiftPackageReference "SnapKit" */ = {
			isa = XCRemoteSwiftPackageReference;
			repositoryURL = "https://github.com/SnapKit/SnapKit.git";
			requirement = {
				kind = upToNextMajorVersion;
				minimumVersion = 5.6.0;
			};
		};
		8802D4382AEFF924000E907E /* XCRemoteSwiftPackageReference "Moya" */ = {
			isa = XCRemoteSwiftPackageReference;
			repositoryURL = "https://github.com/Moya/Moya.git";
			requirement = {
				kind = upToNextMajorVersion;
				minimumVersion = 15.0.3;
			};
		};
		8802D43B2AEFF959000E907E /* XCRemoteSwiftPackageReference "RxSwift" */ = {
			isa = XCRemoteSwiftPackageReference;
			repositoryURL = "https://github.com/ReactiveX/RxSwift.git";
			requirement = {
				kind = upToNextMajorVersion;
				minimumVersion = 6.6.0;
			};
		};
		8849DABB2B1C3E7100708256 /* XCRemoteSwiftPackageReference "SwiftKeychainWrapper" */ = {
			isa = XCRemoteSwiftPackageReference;
			repositoryURL = "https://github.com/jrendel/SwiftKeychainWrapper";
			requirement = {
				kind = upToNextMajorVersion;
				minimumVersion = 4.0.1;
			};
		};
		888CC48C2AFB30D800C50A99 /* XCRemoteSwiftPackageReference "RxGesture" */ = {
			isa = XCRemoteSwiftPackageReference;
			repositoryURL = "https://github.com/RxSwiftCommunity/RxGesture";
			requirement = {
				kind = upToNextMajorVersion;
				minimumVersion = 4.0.4;
			};
		};
		888CC4E82AFD22EC00C50A99 /* XCRemoteSwiftPackageReference "Charts" */ = {
			isa = XCRemoteSwiftPackageReference;
			repositoryURL = "https://github.com/danielgindi/Charts.git";
			requirement = {
				kind = upToNextMajorVersion;
				minimumVersion = 5.0.0;
			};
		};
/* End XCRemoteSwiftPackageReference section */

/* Begin XCSwiftPackageProductDependency section */
		8802D4332AEFF8FF000E907E /* Then */ = {
			isa = XCSwiftPackageProductDependency;
			package = 8802D4322AEFF8FF000E907E /* XCRemoteSwiftPackageReference "Then" */;
			productName = Then;
		};
		8802D4362AEFF90B000E907E /* SnapKit */ = {
			isa = XCSwiftPackageProductDependency;
			package = 8802D4352AEFF90B000E907E /* XCRemoteSwiftPackageReference "SnapKit" */;
			productName = SnapKit;
		};
		8802D4392AEFF924000E907E /* Moya */ = {
			isa = XCSwiftPackageProductDependency;
			package = 8802D4382AEFF924000E907E /* XCRemoteSwiftPackageReference "Moya" */;
			productName = Moya;
		};
		8802D43C2AEFF959000E907E /* RxCocoa */ = {
			isa = XCSwiftPackageProductDependency;
			package = 8802D43B2AEFF959000E907E /* XCRemoteSwiftPackageReference "RxSwift" */;
			productName = RxCocoa;
		};
		8849DABC2B1C3E7100708256 /* SwiftKeychainWrapper */ = {
			isa = XCSwiftPackageProductDependency;
			package = 8849DABB2B1C3E7100708256 /* XCRemoteSwiftPackageReference "SwiftKeychainWrapper" */;
			productName = SwiftKeychainWrapper;
		};
		8849DABE2B1C3E8100708256 /* Moya */ = {
			isa = XCSwiftPackageProductDependency;
			package = 8802D4382AEFF924000E907E /* XCRemoteSwiftPackageReference "Moya" */;
			productName = Moya;
		};
		8849DAC02B1C3E8100708256 /* RxMoya */ = {
			isa = XCSwiftPackageProductDependency;
			package = 8802D4382AEFF924000E907E /* XCRemoteSwiftPackageReference "Moya" */;
			productName = RxMoya;
		};
		888CC48D2AFB30D800C50A99 /* RxGesture */ = {
			isa = XCSwiftPackageProductDependency;
			package = 888CC48C2AFB30D800C50A99 /* XCRemoteSwiftPackageReference "RxGesture" */;
			productName = RxGesture;
		};
		888CC4E92AFD22EC00C50A99 /* DGCharts */ = {
			isa = XCSwiftPackageProductDependency;
			package = 888CC4E82AFD22EC00C50A99 /* XCRemoteSwiftPackageReference "Charts" */;
			productName = DGCharts;
		};
/* End XCSwiftPackageProductDependency section */
	};
	rootObject = 8802D4092AEFE272000E907E /* Project object */;
}
